
Microsoft Visual Studio Solution File, Format Version 12.00
# Visual Studio Version 17
VisualStudioVersion = 17.12.35527.113
MinimumVisualStudioVersion = 10.0.40219.1
Project("{8BC9CEB8-8B4A-11D0-8D11-00A0C91BC942}") = "Chapter-01", "Chapter-01\Chapter-01.vcxproj", "{F554CA5F-441A-47B8-9597-DA37AA65D97D}"
EndProject
Project("{8BC9CEB8-8B4A-11D0-8D11-00A0C91BC942}") = "Chapter-02", "Chapter-02\Chapter-02.vcxproj", "{2454F49B-98A2-4D1A-8E1F-12F6874245A1}"
EndProject
Project("{8BC9CEB8-8B4A-11D0-8D11-00A0C91BC942}") = "Chapter-03", "Chapter-03\Chapter-03.vcxproj", "{E289A458-BC0F-4CF8-9A7A-B914D3C447A8}"
EndProject
Project("{8BC9CEB8-8B4A-11D0-8D11-00A0C91BC942}") = "Chapter-04", "Chapter-04\Chapter-04.vcxproj", "{6FADDEE5-197A-4145-BCAF-42F420509C53}"
EndProject
Project("{8BC9CEB8-8B4A-11D0-8D11-00A0C91BC942}") = "Chapter-05", "Chapter-05\Chapter-05.vcxproj", "{89E1E336-A383-4FEF-B8DC-05B9225BA874}"
EndProject
Project("{8BC9CEB8-8B4A-11D0-8D11-00A0C91BC942}") = "Chapter-06", "Chapter-06\Chapter-06.vcxproj", "{FFA28882-375E-43EF-91FC-AF9D748165C3}"
EndProject
Project("{8BC9CEB8-8B4A-11D0-8D11-00A0C91BC942}") = "Chapter-07", "Chapter-07\Chapter-07.vcxproj", "{0373F0A2-22BE-4477-A608-662CD7488F3C}"
EndProject
Project("{8BC9CEB8-8B4A-11D0-8D11-00A0C91BC942}") = "Chapter-08", "Chapter-08\Chapter-08.vcxproj", "{56BD0DB3-304E-473B-9EC5-0994147DF1BB}"
EndProject
Project("{8BC9CEB8-8B4A-11D0-8D11-00A0C91BC942}") = "Chapter-10.Task-01", "Chapter-10.Task-01\Chapter-10.Task-01.vcxproj", "{DB602D19-18F9-4774-B520-01C0E752EC10}"
EndProject
Project("{8BC9CEB8-8B4A-11D0-8D11-00A0C91BC942}") = "Chapter-10.Task-02", "Chapter-10.Task-02\Chapter-10.Task-02.vcxproj", "{FFF47740-D0CA-4BD3-9811-ECCA062CB765}"
EndProject
Global
	GlobalSection(SolutionConfigurationPlatforms) = preSolution
		Debug|x64 = Debug|x64
		Debug|x86 = Debug|x86
		Release|x64 = Release|x64
		Release|x86 = Release|x86
	EndGlobalSection
	GlobalSection(ProjectConfigurationPlatforms) = postSolution
		{F554CA5F-441A-47B8-9597-DA37AA65D97D}.Debug|x64.ActiveCfg = Debug|x64
		{F554CA5F-441A-47B8-9597-DA37AA65D97D}.Debug|x64.Build.0 = Debug|x64
		{F554CA5F-441A-47B8-9597-DA37AA65D97D}.Debug|x86.ActiveCfg = Debug|Win32
		{F554CA5F-441A-47B8-9597-DA37AA65D97D}.Debug|x86.Build.0 = Debug|Win32
		{F554CA5F-441A-47B8-9597-DA37AA65D97D}.Release|x64.ActiveCfg = Release|x64
		{F554CA5F-441A-47B8-9597-DA37AA65D97D}.Release|x64.Build.0 = Release|x64
		{F554CA5F-441A-47B8-9597-DA37AA65D97D}.Release|x86.ActiveCfg = Release|Win32
		{F554CA5F-441A-47B8-9597-DA37AA65D97D}.Release|x86.Build.0 = Release|Win32
		{2454F49B-98A2-4D1A-8E1F-12F6874245A1}.Debug|x64.ActiveCfg = Debug|x64
		{2454F49B-98A2-4D1A-8E1F-12F6874245A1}.Debug|x64.Build.0 = Debug|x64
		{2454F49B-98A2-4D1A-8E1F-12F6874245A1}.Debug|x86.ActiveCfg = Debug|Win32
		{2454F49B-98A2-4D1A-8E1F-12F6874245A1}.Debug|x86.Build.0 = Debug|Win32
		{2454F49B-98A2-4D1A-8E1F-12F6874245A1}.Release|x64.ActiveCfg = Release|x64
		{2454F49B-98A2-4D1A-8E1F-12F6874245A1}.Release|x64.Build.0 = Release|x64
		{2454F49B-98A2-4D1A-8E1F-12F6874245A1}.Release|x86.ActiveCfg = Release|Win32
		{2454F49B-98A2-4D1A-8E1F-12F6874245A1}.Release|x86.Build.0 = Release|Win32
		{E289A458-BC0F-4CF8-9A7A-B914D3C447A8}.Debug|x64.ActiveCfg = Debug|x64
		{E289A458-BC0F-4CF8-9A7A-B914D3C447A8}.Debug|x64.Build.0 = Debug|x64
		{E289A458-BC0F-4CF8-9A7A-B914D3C447A8}.Debug|x86.ActiveCfg = Debug|Win32
		{E289A458-BC0F-4CF8-9A7A-B914D3C447A8}.Debug|x86.Build.0 = Debug|Win32
		{E289A458-BC0F-4CF8-9A7A-B914D3C447A8}.Release|x64.ActiveCfg = Release|x64
		{E289A458-BC0F-4CF8-9A7A-B914D3C447A8}.Release|x64.Build.0 = Release|x64
		{E289A458-BC0F-4CF8-9A7A-B914D3C447A8}.Release|x86.ActiveCfg = Release|Win32
		{E289A458-BC0F-4CF8-9A7A-B914D3C447A8}.Release|x86.Build.0 = Release|Win32
		{6FADDEE5-197A-4145-BCAF-42F420509C53}.Debug|x64.ActiveCfg = Debug|x64
		{6FADDEE5-197A-4145-BCAF-42F420509C53}.Debug|x64.Build.0 = Debug|x64
		{6FADDEE5-197A-4145-BCAF-42F420509C53}.Debug|x86.ActiveCfg = Debug|Win32
		{6FADDEE5-197A-4145-BCAF-42F420509C53}.Debug|x86.Build.0 = Debug|Win32
		{6FADDEE5-197A-4145-BCAF-42F420509C53}.Release|x64.ActiveCfg = Release|x64
		{6FADDEE5-197A-4145-BCAF-42F420509C53}.Release|x64.Build.0 = Release|x64
		{6FADDEE5-197A-4145-BCAF-42F420509C53}.Release|x86.ActiveCfg = Release|Win32
		{6FADDEE5-197A-4145-BCAF-42F420509C53}.Release|x86.Build.0 = Release|Win32
		{89E1E336-A383-4FEF-B8DC-05B9225BA874}.Debug|x64.ActiveCfg = Debug|x64
		{89E1E336-A383-4FEF-B8DC-05B9225BA874}.Debug|x64.Build.0 = Debug|x64
		{89E1E336-A383-4FEF-B8DC-05B9225BA874}.Debug|x86.ActiveCfg = Debug|Win32
		{89E1E336-A383-4FEF-B8DC-05B9225BA874}.Debug|x86.Build.0 = Debug|Win32
		{89E1E336-A383-4FEF-B8DC-05B9225BA874}.Release|x64.ActiveCfg = Release|x64
		{89E1E336-A383-4FEF-B8DC-05B9225BA874}.Release|x64.Build.0 = Release|x64
		{89E1E336-A383-4FEF-B8DC-05B9225BA874}.Release|x86.ActiveCfg = Release|Win32
		{89E1E336-A383-4FEF-B8DC-05B9225BA874}.Release|x86.Build.0 = Release|Win32
		{FFA28882-375E-43EF-91FC-AF9D748165C3}.Debug|x64.ActiveCfg = Debug|x64
		{FFA28882-375E-43EF-91FC-AF9D748165C3}.Debug|x64.Build.0 = Debug|x64
		{FFA28882-375E-43EF-91FC-AF9D748165C3}.Debug|x86.ActiveCfg = Debug|Win32
		{FFA28882-375E-43EF-91FC-AF9D748165C3}.Debug|x86.Build.0 = Debug|Win32
		{FFA28882-375E-43EF-91FC-AF9D748165C3}.Release|x64.ActiveCfg = Release|x64
		{FFA28882-375E-43EF-91FC-AF9D748165C3}.Release|x64.Build.0 = Release|x64
		{FFA28882-375E-43EF-91FC-AF9D748165C3}.Release|x86.ActiveCfg = Release|Win32
		{FFA28882-375E-43EF-91FC-AF9D748165C3}.Release|x86.Build.0 = Release|Win32
		{0373F0A2-22BE-4477-A608-662CD7488F3C}.Debug|x64.ActiveCfg = Debug|x64
		{0373F0A2-22BE-4477-A608-662CD7488F3C}.Debug|x64.Build.0 = Debug|x64
		{0373F0A2-22BE-4477-A608-662CD7488F3C}.Debug|x86.ActiveCfg = Debug|Win32
		{0373F0A2-22BE-4477-A608-662CD7488F3C}.Debug|x86.Build.0 = Debug|Win32
		{0373F0A2-22BE-4477-A608-662CD7488F3C}.Release|x64.ActiveCfg = Release|x64
		{0373F0A2-22BE-4477-A608-662CD7488F3C}.Release|x64.Build.0 = Release|x64
		{0373F0A2-22BE-4477-A608-662CD7488F3C}.Release|x86.ActiveCfg = Release|Win32
		{0373F0A2-22BE-4477-A608-662CD7488F3C}.Release|x86.Build.0 = Release|Win32
		{56BD0DB3-304E-473B-9EC5-0994147DF1BB}.Debug|x64.ActiveCfg = Debug|x64
		{56BD0DB3-304E-473B-9EC5-0994147DF1BB}.Debug|x64.Build.0 = Debug|x64
		{56BD0DB3-304E-473B-9EC5-0994147DF1BB}.Debug|x86.ActiveCfg = Debug|Win32
		{56BD0DB3-304E-473B-9EC5-0994147DF1BB}.Debug|x86.Build.0 = Debug|Win32
		{56BD0DB3-304E-473B-9EC5-0994147DF1BB}.Release|x64.ActiveCfg = Release|x64
		{56BD0DB3-304E-473B-9EC5-0994147DF1BB}.Release|x64.Build.0 = Release|x64
		{56BD0DB3-304E-473B-9EC5-0994147DF1BB}.Release|x86.ActiveCfg = Release|Win32
		{56BD0DB3-304E-473B-9EC5-0994147DF1BB}.Release|x86.Build.0 = Release|Win32
		{DB602D19-18F9-4774-B520-01C0E752EC10}.Debug|x64.ActiveCfg = Debug|x64
		{DB602D19-18F9-4774-B520-01C0E752EC10}.Debug|x64.Build.0 = Debug|x64
		{DB602D19-18F9-4774-B520-01C0E752EC10}.Debug|x86.ActiveCfg = Debug|Win32
		{DB602D19-18F9-4774-B520-01C0E752EC10}.Debug|x86.Build.0 = Debug|Win32
		{DB602D19-18F9-4774-B520-01C0E752EC10}.Release|x64.ActiveCfg = Release|x64
		{DB602D19-18F9-4774-B520-01C0E752EC10}.Release|x64.Build.0 = Release|x64
		{DB602D19-18F9-4774-B520-01C0E752EC10}.Release|x86.ActiveCfg = Release|Win32
		{DB602D19-18F9-4774-B520-01C0E752EC10}.Release|x86.Build.0 = Release|Win32
		{FFF47740-D0CA-4BD3-9811-ECCA062CB765}.Debug|x64.ActiveCfg = Debug|x64
		{FFF47740-D0CA-4BD3-9811-ECCA062CB765}.Debug|x64.Build.0 = Debug|x64
		{FFF47740-D0CA-4BD3-9811-ECCA062CB765}.Debug|x86.ActiveCfg = Debug|Win32
		{FFF47740-D0CA-4BD3-9811-ECCA062CB765}.Debug|x86.Build.0 = Debug|Win32
		{FFF47740-D0CA-4BD3-9811-ECCA062CB765}.Release|x64.ActiveCfg = Release|x64
		{FFF47740-D0CA-4BD3-9811-ECCA062CB765}.Release|x64.Build.0 = Release|x64
		{FFF47740-D0CA-4BD3-9811-ECCA062CB765}.Release|x86.ActiveCfg = Release|Win32
		{FFF47740-D0CA-4BD3-9811-ECCA062CB765}.Release|x86.Build.0 = Release|Win32
	EndGlobalSection
	GlobalSection(SolutionProperties) = preSolution
		HideSolutionNode = FALSE
	EndGlobalSection
	GlobalSection(ExtensibilityGlobals) = postSolution
		SolutionGuid = {AAE5ACAB-EA00-47F2-8CC7-FA1420476733}
	EndGlobalSection
EndGlobal
